
Microsoft Visual Studio Solution File, Format Version 12.00
Project("{FAE04EC0-301F-11D3-BF4B-00C04F79EFBC}") = "Sidio.Functions.Worker.ServiceBus", "src\Sidio.Functions.Worker.ServiceBus\Sidio.Functions.Worker.ServiceBus.csproj", "{D87F3B6B-4971-4F18-8C45-03CFC6C1D5EC}"
EndProject
Project("{2150E333-8FDC-42A3-9474-1A3956D46DE8}") = "Src", "Src", "{18CF7A4D-25D7-47A1-B033-2EA481717A7D}"
EndProject
Project("{FAE04EC0-301F-11D3-BF4B-00C04F79EFBC}") = "Sidio.Functions.Worker.ServiceBus.Tests", "src\Sidio.Functions.Worker.ServiceBus.Tests\Sidio.Functions.Worker.ServiceBus.Tests.csproj", "{1131761B-6AC1-483E-94AF-34B41ED299B0}"
EndProject
Project("{2150E333-8FDC-42A3-9474-1A3956D46DE8}") = "Tests", "Tests", "{B8AD00B2-C86C-40CB-B5F0-8AE6055D268E}"
EndProject
Project("{FAE04EC0-301F-11D3-BF4B-00C04F79EFBC}") = "Sidio.Functions.Worker.ServiceBus.Examples", "src\Sidio.Functions.Worker.ServiceBus.Examples\Sidio.Functions.Worker.ServiceBus.Examples.csproj", "{5179928F-398B-4DC6-B4D1-6D3BB02A2601}"
EndProject
Project("{2150E333-8FDC-42A3-9474-1A3956D46DE8}") = "Examples", "Examples", "{83FB6776-A86B-43E6-AE50-F335DFC55DEE}"
EndProject
Project("{2150E333-8FDC-42A3-9474-1A3956D46DE8}") = "SolutionFiles", "SolutionFiles", "{C54791EC-91D9-4928-BECD-DFB5AB3CCB99}"
	ProjectSection(SolutionItems) = preProject
		.gitignore = .gitignore
		LICENSE = LICENSE
		README.md = README.md
	EndProjectSection
EndProject
Project("{2150E333-8FDC-42A3-9474-1A3956D46DE8}") = "Workflows", "Workflows", "{760FF7C3-2FEA-436A-BC7A-873E804922F0}"
	ProjectSection(SolutionItems) = preProject
		.github\workflows\build.yml = .github\workflows\build.yml
		.github\workflows\release.yml = .github\workflows\release.yml
		.github\dependabot.yml = .github\dependabot.yml
		.github\workflows\dependabot-autoapprove.yml = .github\workflows\dependabot-autoapprove.yml
	EndProjectSection
EndProject
Global
	GlobalSection(SolutionConfigurationPlatforms) = preSolution
		Debug|Any CPU = Debug|Any CPU
		Release|Any CPU = Release|Any CPU
	EndGlobalSection
	GlobalSection(ProjectConfigurationPlatforms) = postSolution
		{D87F3B6B-4971-4F18-8C45-03CFC6C1D5EC}.Debug|Any CPU.ActiveCfg = Debug|Any CPU
		{D87F3B6B-4971-4F18-8C45-03CFC6C1D5EC}.Debug|Any CPU.Build.0 = Debug|Any CPU
		{D87F3B6B-4971-4F18-8C45-03CFC6C1D5EC}.Release|Any CPU.ActiveCfg = Release|Any CPU
		{D87F3B6B-4971-4F18-8C45-03CFC6C1D5EC}.Release|Any CPU.Build.0 = Release|Any CPU
		{1131761B-6AC1-483E-94AF-34B41ED299B0}.Debug|Any CPU.ActiveCfg = Debug|Any CPU
		{1131761B-6AC1-483E-94AF-34B41ED299B0}.Debug|Any CPU.Build.0 = Debug|Any CPU
		{1131761B-6AC1-483E-94AF-34B41ED299B0}.Release|Any CPU.ActiveCfg = Release|Any CPU
		{1131761B-6AC1-483E-94AF-34B41ED299B0}.Release|Any CPU.Build.0 = Release|Any CPU
		{5179928F-398B-4DC6-B4D1-6D3BB02A2601}.Debug|Any CPU.ActiveCfg = Debug|Any CPU
		{5179928F-398B-4DC6-B4D1-6D3BB02A2601}.Debug|Any CPU.Build.0 = Debug|Any CPU
		{5179928F-398B-4DC6-B4D1-6D3BB02A2601}.Release|Any CPU.ActiveCfg = Release|Any CPU
		{5179928F-398B-4DC6-B4D1-6D3BB02A2601}.Release|Any CPU.Build.0 = Release|Any CPU
	EndGlobalSection
	GlobalSection(NestedProjects) = preSolution
		{D87F3B6B-4971-4F18-8C45-03CFC6C1D5EC} = {18CF7A4D-25D7-47A1-B033-2EA481717A7D}
		{1131761B-6AC1-483E-94AF-34B41ED299B0} = {B8AD00B2-C86C-40CB-B5F0-8AE6055D268E}
		{5179928F-398B-4DC6-B4D1-6D3BB02A2601} = {83FB6776-A86B-43E6-AE50-F335DFC55DEE}
	EndGlobalSection
EndGlobal
